
Microsoft Visual Studio Solution File, Format Version 12.00
# Visual Studio Version 16
VisualStudioVersion = 16.0.29806.167
MinimumVisualStudioVersion = 10.0.40219.1
Project("{FAE04EC0-301F-11D3-BF4B-00C04F79EFBC}") = "Labs_Cinemas", "Labs_Cinemas\Labs_Cinemas.csproj", "{7C604195-C789-495C-A916-33FB4991A963}"
EndProject
Global
	GlobalSection(SolutionConfigurationPlatforms) = preSolution
		Debug|Any CPU = Debug|Any CPU
		Release|Any CPU = Release|Any CPU
	EndGlobalSection
	GlobalSection(ProjectConfigurationPlatforms) = postSolution
		{7C604195-C789-495C-A916-33FB4991A963}.Debug|Any CPU.ActiveCfg = Debug|Any CPU
		{7C604195-C789-495C-A916-33FB4991A963}.Debug|Any CPU.Build.0 = Debug|Any CPU
		{7C604195-C789-495C-A916-33FB4991A963}.Release|Any CPU.ActiveCfg = Release|Any CPU
		{7C604195-C789-495C-A916-33FB4991A963}.Release|Any CPU.Build.0 = Release|Any CPU
	EndGlobalSection
	GlobalSection(SolutionProperties) = preSolution
		HideSolutionNode = FALSE
	EndGlobalSection
	GlobalSection(ExtensibilityGlobals) = postSolution
		SolutionGuid = {FDFDF75E-3A01-4CC1-9133-FA4FAADE5FB6}
	EndGlobalSection
EndGlobal
